Microsoft Visual Studio Solution File, Format Version 11.00
# Visual Studio 2008

Project("{FA2452C3-88ED-1C0D-A4D2-FCF91AC4C8C6}") = "IB", "Assembly-CSharp-firstpass-vs.csproj", "{99045C37-AD33-2F08-BF23-18A37F3A69EA}"
EndProject
Project("{FA2452C3-88ED-1C0D-A4D2-FCF91AC4C8C6}") = "IB", "Assembly-CSharp-vs.csproj", "{702152D3-A833-4D12-7231-2CD5BD3DC9EC}"
EndProject
Global
	GlobalSection(SolutionConfigurationPlatforms) = preSolution
		Debug|Any CPU = Debug|Any CPU
		Release|Any CPU = Release|Any CPU
	EndGlobalSection
	GlobalSection(ProjectConfigurationPlatforms) = postSolution
		{99045C37-AD33-2F08-BF23-18A37F3A69EA}.Debug|Any CPU.ActiveCfg = Debug|Any CPU
		{99045C37-AD33-2F08-BF23-18A37F3A69EA}.Debug|Any CPU.Build.0 = Debug|Any CPU
		{99045C37-AD33-2F08-BF23-18A37F3A69EA}.Release|Any CPU.ActiveCfg = Release|Any CPU
		{99045C37-AD33-2F08-BF23-18A37F3A69EA}.Release|Any CPU.Build.0 = Release|Any CPU
		{702152D3-A833-4D12-7231-2CD5BD3DC9EC}.Debug|Any CPU.ActiveCfg = Debug|Any CPU
		{702152D3-A833-4D12-7231-2CD5BD3DC9EC}.Debug|Any CPU.Build.0 = Debug|Any CPU
		{702152D3-A833-4D12-7231-2CD5BD3DC9EC}.Release|Any CPU.ActiveCfg = Release|Any CPU
		{702152D3-A833-4D12-7231-2CD5BD3DC9EC}.Release|Any CPU.Build.0 = Release|Any CPU
	EndGlobalSection
	GlobalSection(SolutionProperties) = preSolution
		HideSolutionNode = FALSE
	EndGlobalSection
																									GlobalSection(MonoDevelopProperties) = preSolution
		StartupItem = Assembly-CSharp.csproj
		Policies = $0
		$0.TextStylePolicy = $1
		$1.inheritsSet = null
		$1.scope = text/x-csharp
		$0.CSharpFormattingPolicy = $2
		$2.inheritsSet = Mono
		$2.inheritsScope = text/x-csharp
		$2.scope = text/x-csharp
		$0.TextStylePolicy = $3
		$3.FileWidth = 120
		$3.TabWidth = 4
		$3.EolMarker = Unix
		$3.inheritsSet = Mono
		$3.inheritsScope = text/plain
		$3.scope = text/plain
	EndGlobalSection

EndGlobal
